{
  "name": "bs-react-grid-dnd-2",
  "version": "0.1.0",
  "lockfileVersion": 1,
  "requires": true,
  "dependencies": {
    "@babel/runtime": {
      "version": "7.6.3",
      "resolved": "https://registry.npmjs.org/@babel/runtime/-/runtime-7.6.3.tgz",
      "integrity": "sha512-kq6anf9JGjW8Nt5rYfEuGRaEAaH1mkv3Bbu6rYvLOpPh/RusSJXuKPEAoZ7L7gybZkchE8+NV5g9vKF4AGAtsA==",
      "requires": {
        "regenerator-runtime": "^0.13.2"
      }
    },
    "@react-spring/addons": {
      "version": "9.0.0-canary.809.5.f01ecc2",
      "resolved": "https://registry.npmjs.org/@react-spring/addons/-/addons-9.0.0-canary.809.5.f01ecc2.tgz",
      "integrity": "sha512-YBZhmzdpfLOOA3ty79cZKc3RPIzlaOCUGCJRdTls+5uDr42254KwtniswhsqY0NeDzOISXQHVvrhOYlIkKqa6w==",
      "requires": {
        "@babel/runtime": "^7.3.1",
        "@react-spring/animated": "9.0.0-canary.809.5.f01ecc2",
        "@react-spring/core": "9.0.0-canary.809.5.f01ecc2",
        "use-memo-one": "^1.1.0"
      }
    },
    "@react-spring/animated": {
      "version": "9.0.0-canary.809.5.f01ecc2",
      "resolved": "https://registry.npmjs.org/@react-spring/animated/-/animated-9.0.0-canary.809.5.f01ecc2.tgz",
      "integrity": "sha512-6TtJDGmkllsQDiaQhtS0EYYP33bFdIECXSL+BW4IJCHv6ae9clrmrng3sLLFTDTtHpZxNETjehtG05+8vdwYQw==",
      "requires": {
        "@babel/runtime": "^7.3.1",
        "@react-spring/shared": "9.0.0-canary.809.5.f01ecc2"
      }
    },
    "@react-spring/core": {
      "version": "9.0.0-canary.809.5.f01ecc2",
      "resolved": "https://registry.npmjs.org/@react-spring/core/-/core-9.0.0-canary.809.5.f01ecc2.tgz",
      "integrity": "sha512-YJL6MXJzcCSXLtioCRfI/fhKx2BT5Wti/FGlrnb3ISVNLMGb4RyucLJyDHzEIVXR8NxZ8i9n2EMEgJYOV/QoLA==",
      "requires": {
        "@babel/runtime": "^7.3.1",
        "@react-spring/animated": "9.0.0-canary.809.5.f01ecc2",
        "@react-spring/shared": "9.0.0-canary.809.5.f01ecc2",
        "use-memo-one": "^1.1.0"
      }
    },
    "@react-spring/konva": {
      "version": "9.0.0-canary.809.5.f01ecc2",
      "resolved": "https://registry.npmjs.org/@react-spring/konva/-/konva-9.0.0-canary.809.5.f01ecc2.tgz",
      "integrity": "sha512-iSS8yOD7hqJzCr8lj/PxqRqAiazXjNpedkjOw7IqQOwVf6euR2Yu8GyRnCla7qGvRLxfUN9n5Sapn81QzD29Ag==",
      "requires": {
        "@babel/runtime": "^7.3.1",
        "@react-spring/animated": "9.0.0-canary.809.5.f01ecc2",
        "@react-spring/core": "9.0.0-canary.809.5.f01ecc2",
        "@react-spring/shared": "9.0.0-canary.809.5.f01ecc2"
      }
    },
    "@react-spring/native": {
      "version": "9.0.0-canary.809.5.f01ecc2",
      "resolved": "https://registry.npmjs.org/@react-spring/native/-/native-9.0.0-canary.809.5.f01ecc2.tgz",
      "integrity": "sha512-roD+XbwLdOFF8OmzP33KqY3ifgLwHfrujiOZclwWZjcDQDbzetpSny8pneJVhmlXovAruwcqFkibbRdXZP4jyA==",
      "requires": {
        "@babel/runtime": "^7.3.1",
        "@react-spring/animated": "9.0.0-canary.809.5.f01ecc2",
        "@react-spring/core": "9.0.0-canary.809.5.f01ecc2",
        "@react-spring/shared": "9.0.0-canary.809.5.f01ecc2"
      }
    },
    "@react-spring/shared": {
      "version": "9.0.0-canary.809.5.f01ecc2",
      "resolved": "https://registry.npmjs.org/@react-spring/shared/-/shared-9.0.0-canary.809.5.f01ecc2.tgz",
      "integrity": "sha512-CJNOB7cr7BNknLQoy0IToKb+G2fdt1yu9QZLXCIX0edoGkAzRIb4S51bSgN8Tuoml+stnPUGjuB7B3Sore4E2Q==",
      "requires": {
        "@babel/runtime": "^7.3.1"
      }
    },
    "@react-spring/three": {
      "version": "9.0.0-canary.809.5.f01ecc2",
      "resolved": "https://registry.npmjs.org/@react-spring/three/-/three-9.0.0-canary.809.5.f01ecc2.tgz",
      "integrity": "sha512-/v2ijjenLup7yXirMl+pC0WaS/X4uretsIZIjjpVqhDWQGlRzNeDjugdeoCYxCdPE5p0P0i4TGNKkzcSI1YLoA==",
      "requires": {
        "@babel/runtime": "^7.3.1",
        "@react-spring/animated": "9.0.0-canary.809.5.f01ecc2",
        "@react-spring/core": "9.0.0-canary.809.5.f01ecc2",
        "@react-spring/shared": "9.0.0-canary.809.5.f01ecc2"
      }
    },
    "@react-spring/web": {
      "version": "9.0.0-canary.809.5.f01ecc2",
      "resolved": "https://registry.npmjs.org/@react-spring/web/-/web-9.0.0-canary.809.5.f01ecc2.tgz",
      "integrity": "sha512-doPr7k7E8O4ozqEcULLZrthRBmYeVcy3F5hg/hH4m1/10HJVhEKM5jWUvKUPh6l080XZh43pyJWpAP8kjP2fMw==",
      "requires": {
        "@babel/runtime": "^7.3.1",
        "@react-spring/animated": "9.0.0-canary.809.5.f01ecc2",
        "@react-spring/core": "9.0.0-canary.809.5.f01ecc2",
        "@react-spring/shared": "9.0.0-canary.809.5.f01ecc2"
      }
    },
    "@react-spring/zdog": {
      "version": "9.0.0-canary.809.5.f01ecc2",
      "resolved": "https://registry.npmjs.org/@react-spring/zdog/-/zdog-9.0.0-canary.809.5.f01ecc2.tgz",
      "integrity": "sha512-+TRc7f+kuPNZaw5cyCjiE/m4vC9O3fpz4p57+H/sOGfXDGfvdKByv4D9/QnEV3lpVq5PfFQJrY/Iyg213kJbUA==",
      "requires": {
        "@babel/runtime": "^7.3.1",
        "@react-spring/animated": "9.0.0-canary.809.5.f01ecc2",
        "@react-spring/core": "9.0.0-canary.809.5.f01ecc2",
        "@react-spring/shared": "9.0.0-canary.809.5.f01ecc2"
      }
    },
    "@types/prop-types": {
      "version": "15.7.3",
      "resolved": "https://registry.npmjs.org/@types/prop-types/-/prop-types-15.7.3.tgz",
      "integrity": "sha512-KfRL3PuHmqQLOG+2tGpRO26Ctg+Cq1E01D2DMriKEATHgWLfeNDmq9e29Q9WIky0dQ3NPkd1mzYH8Lm936Z9qw=="
    },
    "@types/react": {
      "version": "16.9.11",
      "resolved": "https://registry.npmjs.org/@types/react/-/react-16.9.11.tgz",
      "integrity": "sha512-UBT4GZ3PokTXSWmdgC/GeCGEJXE5ofWyibCcecRLUVN2ZBpXQGVgQGtG2foS7CrTKFKlQVVswLvf7Js6XA/CVQ==",
      "requires": {
        "@types/prop-types": "*",
        "csstype": "^2.2.0"
      }
    },
    "@types/react-dom": {
      "version": "16.9.3",
      "resolved": "https://registry.npmjs.org/@types/react-dom/-/react-dom-16.9.3.tgz",
      "integrity": "sha512-FUuZKXPr9qlzUT9lhuzrZgLjH63TvNn28Ch3MvKG4B+F52zQtO8DtE0Opbncy3xaucNZM2WIPfuNTgkbKx5Brg==",
      "requires": {
        "@types/react": "*"
      }
    },
    "bs-platform": {
      "version": "6.2.1",
      "resolved": "https://registry.npmjs.org/bs-platform/-/bs-platform-6.2.1.tgz",
      "integrity": "sha512-FmQ8kYV52A0Y302qh6o0/J9TO+kHzsjGQnsjrg/ONUYIY/jWzBnt9dCBO6EBnaEKfFJLqk5JrUDCxuihqtTcnw==",
      "dev": true
    },
    "csstype": {
      "version": "2.6.7",
      "resolved": "https://registry.npmjs.org/csstype/-/csstype-2.6.7.tgz",
      "integrity": "sha512-9Mcn9sFbGBAdmimWb2gLVDtFJzeKtDGIr76TUqmjZrw9LFXBMSU70lcs+C0/7fyCd6iBDqmksUcCOUIkisPHsQ=="
    },
    "js-tokens": {
      "version": "4.0.0",
      "resolved": "https://registry.npmjs.org/js-tokens/-/js-tokens-4.0.0.tgz",
      "integrity": "sha512-RdJUflcE3cUzKiMqQgsCu06FPu9UdIJO0beYbPhHN4k6apgJtifcoCtT9bcxOpYBtpD2kCM6Sbzg4CausW/PKQ==",
      "dev": true
    },
    "loose-envify": {
      "version": "1.4.0",
      "resolved": "https://registry.npmjs.org/loose-envify/-/loose-envify-1.4.0.tgz",
      "integrity": "sha512-lyuxPGr/Wfhrlem2CL/UcnUc1zcqKAImBDzukY7Y5F/yQiNdko6+fRLevlw1HgMySw7f611UIY408EtxRSoK3Q==",
      "dev": true,
      "requires": {
        "js-tokens": "^3.0.0 || ^4.0.0"
      }
    },
    "object-assign": {
      "version": "4.1.1",
      "resolved": "https://registry.npmjs.org/object-assign/-/object-assign-4.1.1.tgz",
      "integrity": "sha1-IQmtx5ZYh8/AXLvUQsrIv7s2CGM=",
      "dev": true
    },
    "prop-types": {
      "version": "15.7.2",
      "resolved": "https://registry.npmjs.org/prop-types/-/prop-types-15.7.2.tgz",
      "integrity": "sha512-8QQikdH7//R2vurIJSutZ1smHYTcLpRWEOlHnzcWHmBYrOGUysKwSsrC89BCiFj3CbrfJ/nXFdJepOVrY1GCHQ==",
      "dev": true,
      "requires": {
        "loose-envify": "^1.4.0",
        "object-assign": "^4.1.1",
        "react-is": "^16.8.1"
      }
    },
    "react": {
      "version": "16.11.0",
      "resolved": "https://registry.npmjs.org/react/-/react-16.11.0.tgz",
      "integrity": "sha512-M5Y8yITaLmU0ynd0r1Yvfq98Rmll6q8AxaEe88c8e7LxO8fZ2cNgmFt0aGAS9wzf1Ao32NKXtCl+/tVVtkxq6g==",
      "dev": true,
      "requires": {
        "loose-envify": "^1.1.0",
        "object-assign": "^4.1.1",
        "prop-types": "^15.6.2"
      }
    },
    "react-dom": {
      "version": "16.11.0",
      "resolved": "https://registry.npmjs.org/react-dom/-/react-dom-16.11.0.tgz",
      "integrity": "sha512-nrRyIUE1e7j8PaXSPtyRKtz+2y9ubW/ghNgqKFHHAHaeP0fpF5uXR+sq8IMRHC+ZUxw7W9NyCDTBtwWxvkb0iA==",
      "dev": true,
      "requires": {
        "loose-envify": "^1.1.0",
        "object-assign": "^4.1.1",
        "prop-types": "^15.6.2",
        "scheduler": "^0.17.0"
      }
    },
    "react-gesture-responder": {
      "version": "2.1.0",
      "resolved": "https://registry.npmjs.org/react-gesture-responder/-/react-gesture-responder-2.1.0.tgz",
      "integrity": "sha512-uXfFNOtSus5zo2u2WoXMmfAWLdbAYvubmA4AOk9UyLO9n7koVagvSHW7MOUEnhE+F6NeVuyTc+8pyZxLKwyxmg==",
      "requires": {
        "@types/react": "^16.8.10",
        "@types/react-dom": "^16.8.3",
        "tslib": "^1.9.3"
      }
    },
    "react-grid-dnd": {
      "version": "2.1.1",
      "resolved": "https://registry.npmjs.org/react-grid-dnd/-/react-grid-dnd-2.1.1.tgz",
      "integrity": "sha512-AUlVYyTI0FWxRFfUPQBUXHGO++bkvJEBzXPGZz8uHRTOWdGZSIJvHZ4pIYHbFxM8EbDwM9JXYe1hFPQAsDfL9A==",
      "requires": {
        "@types/react": "^16.8.10",
        "@types/react-dom": "^16.8.3",
        "react-spring": "^9.0.0-beta.31",
        "resize-observer-polyfill": "^1.5.1",
        "tslib": "^1.9.3"
      }
    },
    "react-is": {
      "version": "16.11.0",
      "resolved": "https://registry.npmjs.org/react-is/-/react-is-16.11.0.tgz",
      "integrity": "sha512-gbBVYR2p8mnriqAwWx9LbuUrShnAuSCNnuPGyc7GJrMVQtPDAh8iLpv7FRuMPFb56KkaVZIYSz1PrjI9q0QPCw==",
      "dev": true
    },
    "react-spring": {
      "version": "9.0.0-canary.809.5.f01ecc2",
      "resolved": "https://registry.npmjs.org/react-spring/-/react-spring-9.0.0-canary.809.5.f01ecc2.tgz",
      "integrity": "sha512-X3WE8owgEh4Hh5imAOPWrbM0+5BUAdXKm1LHcylnaDKUX+kCmxIMdSKpKRcjbGSgWjHOR8ugyG4T4FftEfPspg==",
      "requires": {
        "@babel/runtime": "^7.3.1",
        "@react-spring/addons": "9.0.0-canary.809.5.f01ecc2",
        "@react-spring/core": "9.0.0-canary.809.5.f01ecc2",
        "@react-spring/konva": "9.0.0-canary.809.5.f01ecc2",
        "@react-spring/native": "9.0.0-canary.809.5.f01ecc2",
        "@react-spring/three": "9.0.0-canary.809.5.f01ecc2",
        "@react-spring/web": "9.0.0-canary.809.5.f01ecc2",
        "@react-spring/zdog": "9.0.0-canary.809.5.f01ecc2"
      }
    },
    "reason-react": {
      "version": "0.7.0",
      "resolved": "https://registry.npmjs.org/reason-react/-/reason-react-0.7.0.tgz",
      "integrity": "sha512-czR/f0lY5iyLCki9gwftOFF5Zs40l7ZSFmpGK/Z6hx2jBVeFDmIiXB8bAQW/cO6IvtuEt97OmsYueiuOYG9XjQ==",
      "dev": true,
      "requires": {
        "react": ">=16.8.1",
        "react-dom": ">=16.8.1"
      }
    },
    "regenerator-runtime": {
      "version": "0.13.3",
      "resolved": "https://registry.npmjs.org/regenerator-runtime/-/regenerator-runtime-0.13.3.tgz",
      "integrity": "sha512-naKIZz2GQ8JWh///G7L3X6LaQUAMp2lvb1rvwwsURe/VXwD6VMfr+/1NuNw3ag8v2kY1aQ/go5SNn79O9JU7yw=="
    },
    "resize-observer-polyfill": {
      "version": "1.5.1",
      "resolved": "https://registry.npmjs.org/resize-observer-polyfill/-/resize-observer-polyfill-1.5.1.tgz",
      "integrity": "sha512-LwZrotdHOo12nQuZlHEmtuXdqGoOD0OhaxopaNFxWzInpEgaLWoVuAMbTzixuosCx2nEG58ngzW3vxdWoxIgdg=="
    },
    "scheduler": {
      "version": "0.17.0",
      "resolved": "https://registry.npmjs.org/scheduler/-/scheduler-0.17.0.tgz",
      "integrity": "sha512-7rro8Io3tnCPuY4la/NuI5F2yfESpnfZyT6TtkXnSWVkcu0BCDJ+8gk5ozUaFaxpIyNuWAPXrH0yFcSi28fnDA==",
      "dev": true,
      "requires": {
        "loose-envify": "^1.1.0",
        "object-assign": "^4.1.1"
      }
    },
    "tslib": {
      "version": "1.10.0",
      "resolved": "https://registry.npmjs.org/tslib/-/tslib-1.10.0.tgz",
      "integrity": "sha512-qOebF53frne81cf0S9B41ByenJ3/IuH8yJKngAX35CmiZySA0khhkovshKK+jGCaMnVomla7gVlIcc3EvKPbTQ=="
    },
    "use-memo-one": {
      "version": "1.1.1",
      "resolved": "https://registry.npmjs.org/use-memo-one/-/use-memo-one-1.1.1.tgz",
      "integrity": "sha512-oFfsyun+bP7RX8X2AskHNTxu+R3QdE/RC5IefMbqptmACAA/gfol1KDD5KRzPsGMa62sWxGZw+Ui43u6x4ddoQ=="
    }
  }
}
